
Microsoft Visual Studio Solution File, Format Version 12.00
# Visual Studio Version 17
VisualStudioVersion = 17.1.32407.343
MinimumVisualStudioVersion = 10.0.40219.1
Project("{FAE04EC0-301F-11D3-BF4B-00C04F79EFBC}") = "TP1 COMPLEJIDAD", "TP1 COMPLEJIDAD\TP1 COMPLEJIDAD.csproj", "{6F5CBC7F-09A2-4EA9-BBA0-F3A52BE2782B}"
EndProject
Global
	GlobalSection(SolutionConfigurationPlatforms) = preSolution
		Debug|Any CPU = Debug|Any CPU
		Release|Any CPU = Release|Any CPU
	EndGlobalSection
	GlobalSection(ProjectConfigurationPlatforms) = postSolution
		{6F5CBC7F-09A2-4EA9-BBA0-F3A52BE2782B}.Debug|Any CPU.ActiveCfg = Debug|Any CPU
		{6F5CBC7F-09A2-4EA9-BBA0-F3A52BE2782B}.Debug|Any CPU.Build.0 = Debug|Any CPU
		{6F5CBC7F-09A2-4EA9-BBA0-F3A52BE2782B}.Release|Any CPU.ActiveCfg = Release|Any CPU
		{6F5CBC7F-09A2-4EA9-BBA0-F3A52BE2782B}.Release|Any CPU.Build.0 = Release|Any CPU
	EndGlobalSection
	GlobalSection(SolutionProperties) = preSolution
		HideSolutionNode = FALSE
	EndGlobalSection
	GlobalSection(ExtensibilityGlobals) = postSolution
		SolutionGuid = {EDC7A6A2-C1D5-44A4-ACAE-85A39D0166F2}
	EndGlobalSection
EndGlobal
